# This file is automatically @generated by Cargo.
# It is not intended for manual editing.
version = 4

[[package]]
name = "encrypt_file"
version = "0.1.0"
dependencies = [
 "rail_fence",
 "read_csv",
]

[[package]]
name = "rail_fence"
version = "0.1.0"
source = "git+https://github.com/shriwati/rust?branch=main#2b1de264b2eca43f8018c4a89ffd90a060a75a3a"

[[package]]
name = "read_csv"
version = "0.1.0"
source = "git+https://github.com/shriwati/rust?branch=main#2b1de264b2eca43f8018c4a89ffd90a060a75a3a"
