# This file is automatically @generated by Cargo.
# It is not intended for manual editing.
version = 4

[[package]]
name = "encrypt_file"
version = "0.1.0"
dependencies = [
 "rail_fence",
 "read_csv",
]

[[package]]
name = "rail_fence"
version = "0.1.0"
source = "git+https://github.com/shriwati/rust?branch=main#74da857fd184182e83cb3504060cf3c1781b894c"

[[package]]
name = "read_csv"
version = "0.1.0"
source = "git+https://github.com/shriwati/rust?branch=main#74da857fd184182e83cb3504060cf3c1781b894c"
