# This file is automatically @generated by Cargo.
# It is not intended for manual editing.
version = 4

[[package]]
name = "encrypt_file"
version = "0.1.0"
dependencies = [
 "rail_fence",
 "read_csv",
]

[[package]]
name = "rail_fence"
version = "0.1.0"
source = "git+https://github.com/shriwati/rust?branch=main#3a17008155d194f48dd4148164754f0f4ca2ebbd"

[[package]]
name = "read_csv"
version = "0.1.0"
source = "git+https://github.com/shriwati/rust?branch=main#3a17008155d194f48dd4148164754f0f4ca2ebbd"
